
Microsoft Visual Studio Solution File, Format Version 11.00
# Visual Studio 2010
Project("{FAE04EC0-301F-11D3-BF4B-00C04F79EFBC}") = "FakeDataProvider", "FakeDataProvider\FakeDataProvider.csproj", "{A621B9F1-395F-48C3-9804-609A8C515C6C}"
EndProject
Project("{FAE04EC0-301F-11D3-BF4B-00C04F79EFBC}") = "FakeDataProvider.Tests", "FakeDataProvider.Tests\FakeDataProvider.Tests.csproj", "{5EC414A9-D05A-402E-823C-C12194F9AE73}"
EndProject
Global
	GlobalSection(SolutionConfigurationPlatforms) = preSolution
		Debug|Any CPU = Debug|Any CPU
		Release|Any CPU = Release|Any CPU
	EndGlobalSection
	GlobalSection(ProjectConfigurationPlatforms) = postSolution
		{A621B9F1-395F-48C3-9804-609A8C515C6C}.Debug|Any CPU.ActiveCfg = Debug|Any CPU
		{A621B9F1-395F-48C3-9804-609A8C515C6C}.Debug|Any CPU.Build.0 = Debug|Any CPU
		{A621B9F1-395F-48C3-9804-609A8C515C6C}.Release|Any CPU.ActiveCfg = Release|Any CPU
		{A621B9F1-395F-48C3-9804-609A8C515C6C}.Release|Any CPU.Build.0 = Release|Any CPU
		{5EC414A9-D05A-402E-823C-C12194F9AE73}.Debug|Any CPU.ActiveCfg = Debug|Any CPU
		{5EC414A9-D05A-402E-823C-C12194F9AE73}.Debug|Any CPU.Build.0 = Debug|Any CPU
		{5EC414A9-D05A-402E-823C-C12194F9AE73}.Release|Any CPU.ActiveCfg = Release|Any CPU
		{5EC414A9-D05A-402E-823C-C12194F9AE73}.Release|Any CPU.Build.0 = Release|Any CPU
	EndGlobalSection
	GlobalSection(SolutionProperties) = preSolution
		HideSolutionNode = FALSE
	EndGlobalSection
EndGlobal
